// !$*UTF8*$!
{
	archiveVersion = 1;
	classes = {
	};
	objectVersion = 46;
	objects = {

/* Begin PBXBuildFile section */
		D2ACBD261B17C8B400C2DC2C /* DataTransfer.swift in Sources */ = {isa = PBXBuildFile; fileRef = D2ACBD251B17C8B400C2DC2C /* DataTransfer.swift */; };
		D2ACBD311B19A26500C2DC2C /* Contact.swift in Sources */ = {isa = PBXBuildFile; fileRef = D2ACBD301B19A26500C2DC2C /* Contact.swift */; };
		D2ACBD331B19A26600C2DC2C /* ConsentInspection.swift in Sources */ = {isa = PBXBuildFile; fileRef = D2ACBD321B19A26600C2DC2C /* ConsentInspection.swift */; };
		D2ACBD391B19A26600C2DC2C /* Consent.swift in Sources */ = {isa = PBXBuildFile; fileRef = D2ACBD381B19A26600C2DC2C /* Consent.swift */; };
		D2ACBD3C1B19CCE800C2DC2C /* CoreDataAccess.swift in Sources */ = {isa = PBXBuildFile; fileRef = D2ACBD3B1B19CCE800C2DC2C /* CoreDataAccess.swift */; };
		D2ACBD3E1B19DD0E00C2DC2C /* ConsentManager.swift in Sources */ = {isa = PBXBuildFile; fileRef = D2ACBD3D1B19DD0E00C2DC2C /* ConsentManager.swift */; };
		D2EFF0851B25501600E60F60 /* OfficeTools.swift in Sources */ = {isa = PBXBuildFile; fileRef = D2EFF0841B25501600E60F60 /* OfficeTools.swift */; };
		D2F0057F1B25B25600D3B0F5 /* InspectionTypeItems.swift in Sources */ = {isa = PBXBuildFile; fileRef = D2F0057E1B25B25600D3B0F5 /* InspectionTypeItems.swift */; };
		D2F005811B25B28D00D3B0F5 /* InspectionType.swift in Sources */ = {isa = PBXBuildFile; fileRef = D2F005801B25B28D00D3B0F5 /* InspectionType.swift */; };
		D2FB40CD1B16E18200474A15 /* AppDelegate.swift in Sources */ = {isa = PBXBuildFile; fileRef = D2FB40CC1B16E18200474A15 /* AppDelegate.swift */; };
		D2FB40D01B16E18200474A15 /* BuildingWaitaki.xcdatamodeld in Sources */ = {isa = PBXBuildFile; fileRef = D2FB40CE1B16E18200474A15 /* BuildingWaitaki.xcdatamodeld */; };
		D2FB40D21B16E18200474A15 /* HomeController.swift in Sources */ = {isa = PBXBuildFile; fileRef = D2FB40D11B16E18200474A15 /* HomeController.swift */; };
		D2FB40D51B16E18200474A15 /* Main.storyboard in Resources */ = {isa = PBXBuildFile; fileRef = D2FB40D31B16E18200474A15 /* Main.storyboard */; };
		D2FB40D71B16E18200474A15 /* Images.xcassets in Resources */ = {isa = PBXBuildFile; fileRef = D2FB40D61B16E18200474A15 /* Images.xcassets */; };
		D2FB40DA1B16E18200474A15 /* LaunchScreen.xib in Resources */ = {isa = PBXBuildFile; fileRef = D2FB40D81B16E18200474A15 /* LaunchScreen.xib */; };
		D2FB40E61B16E18200474A15 /* BuildingWaitakiTests.swift in Sources */ = {isa = PBXBuildFile; fileRef = D2FB40E51B16E18200474A15 /* BuildingWaitakiTests.swift */; };
		D2FB40FA1B16FAB300474A15 /* SettingsPopover.swift in Sources */ = {isa = PBXBuildFile; fileRef = D2FB40F91B16FAB300474A15 /* SettingsPopover.swift */; };
		D2FB40FC1B16FDFF00474A15 /* AppSettings.swift in Sources */ = {isa = PBXBuildFile; fileRef = D2FB40FB1B16FDFF00474A15 /* AppSettings.swift */; };
/* End PBXBuildFile section */

/* Begin PBXContainerItemProxy section */
		D2FB40E01B16E18200474A15 /* PBXContainerItemProxy */ = {
			isa = PBXContainerItemProxy;
			containerPortal = D2FB40BF1B16E18200474A15 /* Project object */;
			proxyType = 1;
			remoteGlobalIDString = D2FB40C61B16E18200474A15;
			remoteInfo = BuildingWaitaki;
		};
/* End PBXContainerItemProxy section */

/* Begin PBXFileReference section */
		D2ACBD251B17C8B400C2DC2C /* DataTransfer.swift */ = {isa = PBXFileReference; fileEncoding = 4; lastKnownFileType = sourcecode.swift; path = DataTransfer.swift; sourceTree = "<group>"; };
		D2ACBD301B19A26500C2DC2C /* Contact.swift */ = {isa = PBXFileReference; fileEncoding = 4; lastKnownFileType = sourcecode.swift; name = Contact.swift; path = ../Contact.swift; sourceTree = "<group>"; };
		D2ACBD321B19A26600C2DC2C /* ConsentInspection.swift */ = {isa = PBXFileReference; fileEncoding = 4; lastKnownFileType = sourcecode.swift; name = ConsentInspection.swift; path = ../ConsentInspection.swift; sourceTree = "<group>"; };
		D2ACBD381B19A26600C2DC2C /* Consent.swift */ = {isa = PBXFileReference; fileEncoding = 4; lastKnownFileType = sourcecode.swift; name = Consent.swift; path = ../Consent.swift; sourceTree = "<group>"; };
		D2ACBD3B1B19CCE800C2DC2C /* CoreDataAccess.swift */ = {isa = PBXFileReference; fileEncoding = 4; lastKnownFileType = sourcecode.swift; path = CoreDataAccess.swift; sourceTree = "<group>"; };
		D2ACBD3D1B19DD0E00C2DC2C /* ConsentManager.swift */ = {isa = PBXFileReference; fileEncoding = 4; lastKnownFileType = sourcecode.swift; path = ConsentManager.swift; sourceTree = "<group>"; };
		D2EFF0841B25501600E60F60 /* OfficeTools.swift */ = {isa = PBXFileReference; fileEncoding = 4; lastKnownFileType = sourcecode.swift; path = OfficeTools.swift; sourceTree = "<group>"; };
		D2F0057E1B25B25600D3B0F5 /* InspectionTypeItems.swift */ = {isa = PBXFileReference; fileEncoding = 4; lastKnownFileType = sourcecode.swift; name = InspectionTypeItems.swift; path = ../InspectionTypeItems.swift; sourceTree = "<group>"; };
		D2F005801B25B28D00D3B0F5 /* InspectionType.swift */ = {isa = PBXFileReference; fileEncoding = 4; lastKnownFileType = sourcecode.swift; name = InspectionType.swift; path = ../InspectionType.swift; sourceTree = "<group>"; };
		D2FB40C71B16E18200474A15 /* BuildingWaitaki.app */ = {isa = PBXFileReference; explicitFileType = wrapper.application; includeInIndex = 0; path = BuildingWaitaki.app; sourceTree = BUILT_PRODUCTS_DIR; };
		D2FB40CB1B16E18200474A15 /* Info.plist */ = {isa = PBXFileReference; lastKnownFileType = text.plist.xml; path = Info.plist; sourceTree = "<group>"; };
		D2FB40CC1B16E18200474A15 /* AppDelegate.swift */ = {isa = PBXFileReference; lastKnownFileType = sourcecode.swift; path = AppDelegate.swift; sourceTree = "<group>"; };
		D2FB40CF1B16E18200474A15 /* BuildingWaitaki.xcdatamodel */ = {isa = PBXFileReference; lastKnownFileType = wrapper.xcdatamodel; path = BuildingWaitaki.xcdatamodel; sourceTree = "<group>"; };
		D2FB40D11B16E18200474A15 /* HomeController.swift */ = {isa = PBXFileReference; lastKnownFileType = sourcecode.swift; path = HomeController.swift; sourceTree = "<group>"; };
		D2FB40D41B16E18200474A15 /* Base */ = {isa = PBXFileReference; lastKnownFileType = file.storyboard; name = Base; path = Base.lproj/Main.storyboard; sourceTree = "<group>"; };
		D2FB40D61B16E18200474A15 /* Images.xcassets */ = {isa = PBXFileReference; lastKnownFileType = folder.assetcatalog; path = Images.xcassets; sourceTree = "<group>"; };
		D2FB40D91B16E18200474A15 /* Base */ = {isa = PBXFileReference; lastKnownFileType = file.xib; name = Base; path = Base.lproj/LaunchScreen.xib; sourceTree = "<group>"; };
		D2FB40DF1B16E18200474A15 /* BuildingWaitakiTests.xctest */ = {isa = PBXFileReference; explicitFileType = wrapper.cfbundle; includeInIndex = 0; path = BuildingWaitakiTests.xctest; sourceTree = BUILT_PRODUCTS_DIR; };
		D2FB40E41B16E18200474A15 /* Info.plist */ = {isa = PBXFileReference; lastKnownFileType = text.plist.xml; path = Info.plist; sourceTree = "<group>"; };
		D2FB40E51B16E18200474A15 /* BuildingWaitakiTests.swift */ = {isa = PBXFileReference; lastKnownFileType = sourcecode.swift; path = BuildingWaitakiTests.swift; sourceTree = "<group>"; };
		D2FB40F91B16FAB300474A15 /* SettingsPopover.swift */ = {isa = PBXFileReference; fileEncoding = 4; lastKnownFileType = sourcecode.swift; path = SettingsPopover.swift; sourceTree = "<group>"; };
		D2FB40FB1B16FDFF00474A15 /* AppSettings.swift */ = {isa = PBXFileReference; fileEncoding = 4; lastKnownFileType = sourcecode.swift; path = AppSettings.swift; sourceTree = "<group>"; };
/* End PBXFileReference section */

/* Begin PBXFrameworksBuildPhase section */
		D2FB40C41B16E18200474A15 /* Frameworks */ = {
			isa = PBXFrameworksBuildPhase;
			buildActionMask = 2147483647;
			files = (
			);
			runOnlyForDeploymentPostprocessing = 0;
		};
		D2FB40DC1B16E18200474A15 /* Frameworks */ = {
			isa = PBXFrameworksBuildPhase;
			buildActionMask = 2147483647;
			files = (
			);
			runOnlyForDeploymentPostprocessing = 0;
		};
/* End PBXFrameworksBuildPhase section */

/* Begin PBXGroup section */
		D2ACBD3A1B19A27300C2DC2C /* CoreDataClasses */ = {
			isa = PBXGroup;
			children = (
				D2F005801B25B28D00D3B0F5 /* InspectionType.swift */,
				D2F0057E1B25B25600D3B0F5 /* InspectionTypeItems.swift */,
				D2ACBD381B19A26600C2DC2C /* Consent.swift */,
				D2ACBD321B19A26600C2DC2C /* ConsentInspection.swift */,
				D2ACBD301B19A26500C2DC2C /* Contact.swift */,
				D2ACBD3D1B19DD0E00C2DC2C /* ConsentManager.swift */,
			);
			name = CoreDataClasses;
			sourceTree = "<group>";
		};
		D2FB40BE1B16E18200474A15 = {
			isa = PBXGroup;
			children = (
				D2FB40C91B16E18200474A15 /* BuildingWaitaki */,
				D2FB40E21B16E18200474A15 /* BuildingWaitakiTests */,
				D2FB40C81B16E18200474A15 /* Products */,
			);
			sourceTree = "<group>";
		};
		D2FB40C81B16E18200474A15 /* Products */ = {
			isa = PBXGroup;
			children = (
				D2FB40C71B16E18200474A15 /* BuildingWaitaki.app */,
				D2FB40DF1B16E18200474A15 /* BuildingWaitakiTests.xctest */,
			);
			name = Products;
			sourceTree = "<group>";
		};
		D2FB40C91B16E18200474A15 /* BuildingWaitaki */ = {
			isa = PBXGroup;
			children = (
				D2ACBD3A1B19A27300C2DC2C /* CoreDataClasses */,
				D2FB40CC1B16E18200474A15 /* AppDelegate.swift */,
				D2FB40D11B16E18200474A15 /* HomeController.swift */,
				D2FB40D31B16E18200474A15 /* Main.storyboard */,
				D2FB40D61B16E18200474A15 /* Images.xcassets */,
				D2FB40D81B16E18200474A15 /* LaunchScreen.xib */,
				D2FB40CE1B16E18200474A15 /* BuildingWaitaki.xcdatamodeld */,
				D2FB40CA1B16E18200474A15 /* Supporting Files */,
				D2FB40F91B16FAB300474A15 /* SettingsPopover.swift */,
				D2FB40FB1B16FDFF00474A15 /* AppSettings.swift */,
				D2ACBD251B17C8B400C2DC2C /* DataTransfer.swift */,
				D2ACBD3B1B19CCE800C2DC2C /* CoreDataAccess.swift */,
				D2EFF0841B25501600E60F60 /* OfficeTools.swift */,
			);
			path = BuildingWaitaki;
			sourceTree = "<group>";
		};
		D2FB40CA1B16E18200474A15 /* Supporting Files */ = {
			isa = PBXGroup;
			children = (
				D2FB40CB1B16E18200474A15 /* Info.plist */,
			);
			name = "Supporting Files";
			sourceTree = "<group>";
		};
		D2FB40E21B16E18200474A15 /* BuildingWaitakiTests */ = {
			isa = PBXGroup;
			children = (
				D2FB40E51B16E18200474A15 /* BuildingWaitakiTests.swift */,
				D2FB40E31B16E18200474A15 /* Supporting Files */,
			);
			path = BuildingWaitakiTests;
			sourceTree = "<group>";
		};
		D2FB40E31B16E18200474A15 /* Supporting Files */ = {
			isa = PBXGroup;
			children = (
				D2FB40E41B16E18200474A15 /* Info.plist */,
			);
			name = "Supporting Files";
			sourceTree = "<group>";
		};
/* End PBXGroup section */

/* Begin PBXNativeTarget section */
		D2FB40C61B16E18200474A15 /* BuildingWaitaki */ = {
			isa = PBXNativeTarget;
			buildConfigurationList = D2FB40E91B16E18200474A15 /* Build configuration list for PBXNativeTarget "BuildingWaitaki" */;
			buildPhases = (
				D2FB40C31B16E18200474A15 /* Sources */,
				D2FB40C41B16E18200474A15 /* Frameworks */,
				D2FB40C51B16E18200474A15 /* Resources */,
			);
			buildRules = (
			);
			dependencies = (
			);
			name = BuildingWaitaki;
			productName = BuildingWaitaki;
			productReference = D2FB40C71B16E18200474A15 /* BuildingWaitaki.app */;
			productType = "com.apple.product-type.application";
		};
		D2FB40DE1B16E18200474A15 /* BuildingWaitakiTests */ = {
			isa = PBXNativeTarget;
			buildConfigurationList = D2FB40EC1B16E18200474A15 /* Build configuration list for PBXNativeTarget "BuildingWaitakiTests" */;
			buildPhases = (
				D2FB40DB1B16E18200474A15 /* Sources */,
				D2FB40DC1B16E18200474A15 /* Frameworks */,
				D2FB40DD1B16E18200474A15 /* Resources */,
			);
			buildRules = (
			);
			dependencies = (
				D2FB40E11B16E18200474A15 /* PBXTargetDependency */,
			);
			name = BuildingWaitakiTests;
			productName = BuildingWaitakiTests;
			productReference = D2FB40DF1B16E18200474A15 /* BuildingWaitakiTests.xctest */;
			productType = "com.apple.product-type.bundle.unit-test";
		};
/* End PBXNativeTarget section */

/* Begin PBXProject section */
		D2FB40BF1B16E18200474A15 /* Project object */ = {
			isa = PBXProject;
			attributes = {
				LastUpgradeCheck = 0630;
				ORGANIZATIONNAME = "Waitaki District Council";
				TargetAttributes = {
					D2FB40C61B16E18200474A15 = {
						CreatedOnToolsVersion = 6.3.1;
					};
					D2FB40DE1B16E18200474A15 = {
						CreatedOnToolsVersion = 6.3.1;
						TestTargetID = D2FB40C61B16E18200474A15;
					};
				};
			};
			buildConfigurationList = D2FB40C21B16E18200474A15 /* Build configuration list for PBXProject "BuildingWaitaki" */;
			compatibilityVersion = "Xcode 3.2";
			developmentRegion = English;
			hasScannedForEncodings = 0;
			knownRegions = (
				en,
				Base,
			);
			mainGroup = D2FB40BE1B16E18200474A15;
			productRefGroup = D2FB40C81B16E18200474A15 /* Products */;
			projectDirPath = "";
			projectRoot = "";
			targets = (
				D2FB40C61B16E18200474A15 /* BuildingWaitaki */,
				D2FB40DE1B16E18200474A15 /* BuildingWaitakiTests */,
			);
		};
/* End PBXProject section */

/* Begin PBXResourcesBuildPhase section */
		D2FB40C51B16E18200474A15 /* Resources */ = {
			isa = PBXResourcesBuildPhase;
			buildActionMask = 2147483647;
			files = (
				D2FB40D51B16E18200474A15 /* Main.storyboard in Resources */,
				D2FB40DA1B16E18200474A15 /* LaunchScreen.xib in Resources */,
				D2FB40D71B16E18200474A15 /* Images.xcassets in Resources */,
			);
			runOnlyForDeploymentPostprocessing = 0;
		};
		D2FB40DD1B16E18200474A15 /* Resources */ = {
			isa = PBXResourcesBuildPhase;
			buildActionMask = 2147483647;
			files = (
			);
			runOnlyForDeploymentPostprocessing = 0;
		};
/* End PBXResourcesBuildPhase section */

/* Begin PBXSourcesBuildPhase section */
		D2FB40C31B16E18200474A15 /* Sources */ = {
			isa = PBXSourcesBuildPhase;
			buildActionMask = 2147483647;
			files = (
				D2ACBD331B19A26600C2DC2C /* ConsentInspection.swift in Sources */,
				D2ACBD261B17C8B400C2DC2C /* DataTransfer.swift in Sources */,
				D2FB40FA1B16FAB300474A15 /* SettingsPopover.swift in Sources */,
				D2FB40D21B16E18200474A15 /* HomeController.swift in Sources */,
				D2ACBD391B19A26600C2DC2C /* Consent.swift in Sources */,
				D2F005811B25B28D00D3B0F5 /* InspectionType.swift in Sources */,
				D2FB40D01B16E18200474A15 /* BuildingWaitaki.xcdatamodeld in Sources */,
				D2F0057F1B25B25600D3B0F5 /* InspectionTypeItems.swift in Sources */,
				D2FB40FC1B16FDFF00474A15 /* AppSettings.swift in Sources */,
				D2FB40CD1B16E18200474A15 /* AppDelegate.swift in Sources */,
				D2ACBD3C1B19CCE800C2DC2C /* CoreDataAccess.swift in Sources */,
				D2ACBD3E1B19DD0E00C2DC2C /* ConsentManager.swift in Sources */,
				D2ACBD311B19A26500C2DC2C /* Contact.swift in Sources */,
				D2EFF0851B25501600E60F60 /* OfficeTools.swift in Sources */,
			);
			runOnlyForDeploymentPostprocessing = 0;
		};
		D2FB40DB1B16E18200474A15 /* Sources */ = {
			isa = PBXSourcesBuildPhase;
			buildActionMask = 2147483647;
			files = (
				D2FB40E61B16E18200474A15 /* BuildingWaitakiTests.swift in Sources */,
			);
			runOnlyForDeploymentPostprocessing = 0;
		};
/* End PBXSourcesBuildPhase section */

/* Begin PBXTargetDependency section */
		D2FB40E11B16E18200474A15 /* PBXTargetDependency */ = {
			isa = PBXTargetDependency;
			target = D2FB40C61B16E18200474A15 /* BuildingWaitaki */;
			targetProxy = D2FB40E01B16E18200474A15 /* PBXContainerItemProxy */;
		};
/* End PBXTargetDependency section */

/* Begin PBXVariantGroup section */
		D2FB40D31B16E18200474A15 /* Main.storyboard */ = {
			isa = PBXVariantGroup;
			children = (
				D2FB40D41B16E18200474A15 /* Base */,
			);
			name = Main.storyboard;
			sourceTree = "<group>";
		};
		D2FB40D81B16E18200474A15 /* LaunchScreen.xib */ = {
			isa = PBXVariantGroup;
			children = (
				D2FB40D91B16E18200474A15 /* Base */,
			);
			name = LaunchScreen.xib;
			sourceTree = "<group>";
		};
/* End PBXVariantGroup section */

/* Begin XCBuildConfiguration section */
		D2FB40E71B16E18200474A15 /* Debug */ = {
			isa = XCBuildConfiguration;
			buildSettings = {
				ALWAYS_SEARCH_USER_PATHS = NO;
				CLANG_CXX_LANGUAGE_STANDARD = "gnu++0x";
				CLANG_CXX_LIBRARY = "libc++";
				CLANG_ENABLE_MODULES = YES;
				CLANG_ENABLE_OBJC_ARC = YES;
				CLANG_WARN_BOOL_CONVERSION = YES;
				CLANG_WARN_CONSTANT_CONVERSION = YES;
				CLANG_WARN_DIRECT_OBJC_ISA_USAGE = YES_ERROR;
				CLANG_WARN_EMPTY_BODY = YES;
				CLANG_WARN_ENUM_CONVERSION = YES;
				CLANG_WARN_INT_CONVERSION = YES;
				CLANG_WARN_OBJC_ROOT_CLASS = YES_ERROR;
				CLANG_WARN_UNREACHABLE_CODE = YES;
				CLANG_WARN__DUPLICATE_METHOD_MATCH = YES;
				"CODE_SIGN_IDENTITY[sdk=iphoneos*]" = "iPhone Developer";
				COPY_PHASE_STRIP = NO;
				DEBUG_INFORMATION_FORMAT = "dwarf-with-dsym";
				ENABLE_STRICT_OBJC_MSGSEND = YES;
				GCC_C_LANGUAGE_STANDARD = gnu99;
				GCC_DYNAMIC_NO_PIC = NO;
				GCC_NO_COMMON_BLOCKS = YES;
				GCC_OPTIMIZATION_LEVEL = 0;
				GCC_PREPROCESSOR_DEFINITIONS = (
					"DEBUG=1",
					"$(inherited)",
				);
				GCC_SYMBOLS_PRIVATE_EXTERN = NO;
				GCC_WARN_64_TO_32_BIT_CONVERSION = YES;
				GCC_WARN_ABOUT_RETURN_TYPE = YES_ERROR;
				GCC_WARN_UNDECLARED_SELECTOR = YES;
				GCC_WARN_UNINITIALIZED_AUTOS = YES_AGGRESSIVE;
				GCC_WARN_UNUSED_FUNCTION = YES;
				GCC_WARN_UNUSED_VARIABLE = YES;
				IPHONEOS_DEPLOYMENT_TARGET = 8.3;
				MTL_ENABLE_DEBUG_INFO = YES;
				ONLY_ACTIVE_ARCH = YES;
				SDKROOT = iphoneos;
				SWIFT_OPTIMIZATION_LEVEL = "-Onone";
				TARGETED_DEVICE_FAMILY = 2;
			};
			name = Debug;
		};
		D2FB40E81B16E18200474A15 /* Release */ = {
			isa = XCBuildConfiguration;
			buildSettings = {
				ALWAYS_SEARCH_USER_PATHS = NO;
				CLANG_CXX_LANGUAGE_STANDARD = "gnu++0x";
				CLANG_CXX_LIBRARY = "libc++";
				CLANG_ENABLE_MODULES = YES;
				CLANG_ENABLE_OBJC_ARC = YES;
				CLANG_WARN_BOOL_CONVERSION = YES;
				CLANG_WARN_CONSTANT_CONVERSION = YES;
				CLANG_WARN_DIRECT_OBJC_ISA_USAGE = YES_ERROR;
				CLANG_WARN_EMPTY_BODY = YES;
				CLANG_WARN_ENUM_CONVERSION = YES;
				CLANG_WARN_INT_CONVERSION = YES;
				CLANG_WARN_OBJC_ROOT_CLASS = YES_ERROR;
				CLANG_WARN_UNREACHABLE_CODE = YES;
				CLANG_WARN__DUPLICATE_METHOD_MATCH = YES;
				"CODE_SIGN_IDENTITY[sdk=iphoneos*]" = "iPhone Developer";
				COPY_PHASE_STRIP = NO;
				DEBUG_INFORMATION_FORMAT = "dwarf-with-dsym";
				ENABLE_NS_ASSERTIONS = NO;
				ENABLE_STRICT_OBJC_MSGSEND = YES;
				GCC_C_LANGUAGE_STANDARD = gnu99;
				GCC_NO_COMMON_BLOCKS = YES;
				GCC_WARN_64_TO_32_BIT_CONVERSION = YES;
				GCC_WARN_ABOUT_RETURN_TYPE = YES_ERROR;
				GCC_WARN_UNDECLARED_SELECTOR = YES;
				GCC_WARN_UNINITIALIZED_AUTOS = YES_AGGRESSIVE;
				GCC_WARN_UNUSED_FUNCTION = YES;
				GCC_WARN_UNUSED_VARIABLE = YES;
				IPHONEOS_DEPLOYMENT_TARGET = 8.3;
				MTL_ENABLE_DEBUG_INFO = NO;
				SDKROOT = iphoneos;
				TARGETED_DEVICE_FAMILY = 2;
				VALIDATE_PRODUCT = YES;
			};
			name = Release;
		};
		D2FB40EA1B16E18200474A15 /* Debug */ = {
			isa = XCBuildConfiguration;
			buildSettings = {
				ASSETCATALOG_COMPILER_APPICON_NAME = AppIcon;
				INFOPLIST_FILE = BuildingWaitaki/Info.plist;
				LD_RUNPATH_SEARCH_PATHS = "$(inherited) @executable_path/Frameworks";
				PRODUCT_NAME = "$(TARGET_NAME)";
			};
			name = Debug;
		};
		D2FB40EB1B16E18200474A15 /* Release */ = {
			isa = XCBuildConfiguration;
			buildSettings = {
				ASSETCATALOG_COMPILER_APPICON_NAME = AppIcon;
				INFOPLIST_FILE = BuildingWaitaki/Info.plist;
				LD_RUNPATH_SEARCH_PATHS = "$(inherited) @executable_path/Frameworks";
				PRODUCT_NAME = "$(TARGET_NAME)";
			};
			name = Release;
		};
		D2FB40ED1B16E18200474A15 /* Debug */ = {
			isa = XCBuildConfiguration;
			buildSettings = {
				BUNDLE_LOADER = "$(TEST_HOST)";
				FRAMEWORK_SEARCH_PATHS = (
					"$(SDKROOT)/Developer/Library/Frameworks",
					"$(inherited)",
				);
				GCC_PREPROCESSOR_DEFINITIONS = (
					"DEBUG=1",
					"$(inherited)",
				);
				INFOPLIST_FILE = BuildingWaitakiTests/Info.plist;
				LD_RUNPATH_SEARCH_PATHS = "$(inherited) @executable_path/Frameworks @loader_path/Frameworks";
				PRODUCT_NAME = "$(TARGET_NAME)";
				TEST_HOST = "$(BUILT_PRODUCTS_DIR)/BuildingWaitaki.app/BuildingWaitaki";
			};
			name = Debug;
		};
		D2FB40EE1B16E18200474A15 /* Release */ = {
			isa = XCBuildConfiguration;
			buildSettings = {
				BUNDLE_LOADER = "$(TEST_HOST)";
				FRAMEWORK_SEARCH_PATHS = (
					"$(SDKROOT)/Developer/Library/Frameworks",
					"$(inherited)",
				);
				INFOPLIST_FILE = BuildingWaitakiTests/Info.plist;
				LD_RUNPATH_SEARCH_PATHS = "$(inherited) @executable_path/Frameworks @loader_path/Frameworks";
				PRODUCT_NAME = "$(TARGET_NAME)";
				TEST_HOST = "$(BUILT_PRODUCTS_DIR)/BuildingWaitaki.app/BuildingWaitaki";
			};
			name = Release;
		};
/* End XCBuildConfiguration section */

/* Begin XCConfigurationList section */
		D2FB40C21B16E18200474A15 /* Build configuration list for PBXProject "BuildingWaitaki" */ = {
			isa = XCConfigurationList;
			buildConfigurations = (
				D2FB40E71B16E18200474A15 /* Debug */,
				D2FB40E81B16E18200474A15 /* Release */,
			);
			defaultConfigurationIsVisible = 0;
			defaultConfigurationName = Release;
		};
		D2FB40E91B16E18200474A15 /* Build configuration list for PBXNativeTarget "BuildingWaitaki" */ = {
			isa = XCConfigurationList;
			buildConfigurations = (
				D2FB40EA1B16E18200474A15 /* Debug */,
				D2FB40EB1B16E18200474A15 /* Release */,
			);
			defaultConfigurationIsVisible = 0;
			defaultConfigurationName = Release;
		};
		D2FB40EC1B16E18200474A15 /* Build configuration list for PBXNativeTarget "BuildingWaitakiTests" */ = {
			isa = XCConfigurationList;
			buildConfigurations = (
				D2FB40ED1B16E18200474A15 /* Debug */,
				D2FB40EE1B16E18200474A15 /* Release */,
			);
			defaultConfigurationIsVisible = 0;
			defaultConfigurationName = Release;
		};
/* End XCConfigurationList section */

/* Begin XCVersionGroup section */
		D2FB40CE1B16E18200474A15 /* BuildingWaitaki.xcdatamodeld */ = {
			isa = XCVersionGroup;
			children = (
				D2FB40CF1B16E18200474A15 /* BuildingWaitaki.xcdatamodel */,
			);
			currentVersion = D2FB40CF1B16E18200474A15 /* BuildingWaitaki.xcdatamodel */;
			path = BuildingWaitaki.xcdatamodeld;
			sourceTree = "<group>";
			versionGroupType = wrapper.xcdatamodel;
		};
/* End XCVersionGroup section */
	};
	rootObject = D2FB40BF1B16E18200474A15 /* Project object */;
}
